{
  "name": "interview",
  "lockfileVersion": 3,
  "requires": true,
  "packages": {
    "": {
      "dependencies": {
        "page-flip": "^2.0.7",
        "swiper": "^11.1.14"
      }
    },
    "node_modules/page-flip": {
      "version": "2.0.7",
      "resolved": "https://registry.npmjs.org/page-flip/-/page-flip-2.0.7.tgz",
      "integrity": "sha512-96lQFUUz7r/LZzEUZJ3yBIMEKU9+m8HMFDzTvTdD6P7Ag/wXINjp9n0W7b4wanwnDbQETo4uNUoL3zMqpFxwGA=="
    },
    "node_modules/swiper": {
      "version": "11.1.14",
      "resolved": "https://registry.npmjs.org/swiper/-/swiper-11.1.14.tgz",
      "integrity": "sha512-VbQLQXC04io6AoAjIUWuZwW4MSYozkcP9KjLdrsG/00Q/yiwvhz9RQyt0nHXV10hi9NVnDNy1/wv7Dzq1lkOCQ==",
      "funding": [
        {
          "type": "patreon",
          "url": "https://www.patreon.com/swiperjs"
        },
        {
          "type": "open_collective",
          "url": "http://opencollective.com/swiper"
        }
      ],
      "engines": {
        "node": ">= 4.7.0"
      }
    }
  }
}
